
Microsoft Visual Studio Solution File, Format Version 12.00
# Visual Studio Version 16
VisualStudioVersion = 16.0.29418.71
MinimumVisualStudioVersion = 10.0.40219.1
Project("{FAE04EC0-301F-11D3-BF4B-00C04F79EFBC}") = "App1.Android", "App1.Android\App1.Android.csproj", "{997B0486-B882-41A5-B492-72A72DEC7870}"
EndProject
Project("{FAE04EC0-301F-11D3-BF4B-00C04F79EFBC}") = "App1.iOS", "App1.iOS\App1.iOS.csproj", "{03FA8EB6-CE12-4D45-88A1-1FAAAE22003F}"
EndProject
Project("{FAE04EC0-301F-11D3-BF4B-00C04F79EFBC}") = "App1", "App1\App1.csproj", "{2B9525B0-89E8-413C-9D22-69B45CA3365B}"
EndProject
Global
	GlobalSection(SolutionConfigurationPlatforms) = preSolution
		Debug|Any CPU = Debug|Any CPU
		Debug|iPhone = Debug|iPhone
		Debug|iPhoneSimulator = Debug|iPhoneSimulator
		Release|Any CPU = Release|Any CPU
		Release|iPhone = Release|iPhone
		Release|iPhoneSimulator = Release|iPhoneSimulator
	EndGlobalSection
	GlobalSection(ProjectConfigurationPlatforms) = postSolution
		{997B0486-B882-41A5-B492-72A72DEC7870}.Debug|Any CPU.ActiveCfg = Debug|Any CPU
		{997B0486-B882-41A5-B492-72A72DEC7870}.Debug|Any CPU.Build.0 = Debug|Any CPU
		{997B0486-B882-41A5-B492-72A72DEC7870}.Debug|Any CPU.Deploy.0 = Debug|Any CPU
		{997B0486-B882-41A5-B492-72A72DEC7870}.Debug|iPhone.ActiveCfg = Debug|Any CPU
		{997B0486-B882-41A5-B492-72A72DEC7870}.Debug|iPhone.Build.0 = Debug|Any CPU
		{997B0486-B882-41A5-B492-72A72DEC7870}.Debug|iPhone.Deploy.0 = Debug|Any CPU
		{997B0486-B882-41A5-B492-72A72DEC7870}.Debug|iPhoneSimulator.ActiveCfg = Debug|Any CPU
		{997B0486-B882-41A5-B492-72A72DEC7870}.Debug|iPhoneSimulator.Build.0 = Debug|Any CPU
		{997B0486-B882-41A5-B492-72A72DEC7870}.Debug|iPhoneSimulator.Deploy.0 = Debug|Any CPU
		{997B0486-B882-41A5-B492-72A72DEC7870}.Release|Any CPU.ActiveCfg = Release|Any CPU
		{997B0486-B882-41A5-B492-72A72DEC7870}.Release|Any CPU.Build.0 = Release|Any CPU
		{997B0486-B882-41A5-B492-72A72DEC7870}.Release|Any CPU.Deploy.0 = Release|Any CPU
		{997B0486-B882-41A5-B492-72A72DEC7870}.Release|iPhone.ActiveCfg = Release|Any CPU
		{997B0486-B882-41A5-B492-72A72DEC7870}.Release|iPhone.Build.0 = Release|Any CPU
		{997B0486-B882-41A5-B492-72A72DEC7870}.Release|iPhone.Deploy.0 = Release|Any CPU
		{997B0486-B882-41A5-B492-72A72DEC7870}.Release|iPhoneSimulator.ActiveCfg = Release|Any CPU
		{997B0486-B882-41A5-B492-72A72DEC7870}.Release|iPhoneSimulator.Build.0 = Release|Any CPU
		{997B0486-B882-41A5-B492-72A72DEC7870}.Release|iPhoneSimulator.Deploy.0 = Release|Any CPU
		{03FA8EB6-CE12-4D45-88A1-1FAAAE22003F}.Debug|Any CPU.ActiveCfg = Debug|iPhoneSimulator
		{03FA8EB6-CE12-4D45-88A1-1FAAAE22003F}.Debug|Any CPU.Build.0 = Debug|iPhoneSimulator
		{03FA8EB6-CE12-4D45-88A1-1FAAAE22003F}.Debug|Any CPU.Deploy.0 = Debug|iPhoneSimulator
		{03FA8EB6-CE12-4D45-88A1-1FAAAE22003F}.Debug|iPhone.ActiveCfg = Debug|iPhone
		{03FA8EB6-CE12-4D45-88A1-1FAAAE22003F}.Debug|iPhone.Build.0 = Debug|iPhone
		{03FA8EB6-CE12-4D45-88A1-1FAAAE22003F}.Debug|iPhone.Deploy.0 = Debug|iPhone
		{03FA8EB6-CE12-4D45-88A1-1FAAAE22003F}.Debug|iPhoneSimulator.ActiveCfg = Debug|iPhoneSimulator
		{03FA8EB6-CE12-4D45-88A1-1FAAAE22003F}.Debug|iPhoneSimulator.Build.0 = Debug|iPhoneSimulator
		{03FA8EB6-CE12-4D45-88A1-1FAAAE22003F}.Debug|iPhoneSimulator.Deploy.0 = Debug|iPhoneSimulator
		{03FA8EB6-CE12-4D45-88A1-1FAAAE22003F}.Release|Any CPU.ActiveCfg = Release|iPhone
		{03FA8EB6-CE12-4D45-88A1-1FAAAE22003F}.Release|Any CPU.Build.0 = Release|iPhone
		{03FA8EB6-CE12-4D45-88A1-1FAAAE22003F}.Release|Any CPU.Deploy.0 = Release|iPhone
		{03FA8EB6-CE12-4D45-88A1-1FAAAE22003F}.Release|iPhone.ActiveCfg = Release|iPhone
		{03FA8EB6-CE12-4D45-88A1-1FAAAE22003F}.Release|iPhone.Build.0 = Release|iPhone
		{03FA8EB6-CE12-4D45-88A1-1FAAAE22003F}.Release|iPhone.Deploy.0 = Release|iPhone
		{03FA8EB6-CE12-4D45-88A1-1FAAAE22003F}.Release|iPhoneSimulator.ActiveCfg = Release|iPhoneSimulator
		{03FA8EB6-CE12-4D45-88A1-1FAAAE22003F}.Release|iPhoneSimulator.Build.0 = Release|iPhoneSimulator
		{03FA8EB6-CE12-4D45-88A1-1FAAAE22003F}.Release|iPhoneSimulator.Deploy.0 = Release|iPhoneSimulator
		{2B9525B0-89E8-413C-9D22-69B45CA3365B}.Debug|Any CPU.ActiveCfg = Debug|Any CPU
		{2B9525B0-89E8-413C-9D22-69B45CA3365B}.Debug|Any CPU.Build.0 = Debug|Any CPU
		{2B9525B0-89E8-413C-9D22-69B45CA3365B}.Debug|Any CPU.Deploy.0 = Debug|Any CPU
		{2B9525B0-89E8-413C-9D22-69B45CA3365B}.Debug|iPhone.ActiveCfg = Debug|Any CPU
		{2B9525B0-89E8-413C-9D22-69B45CA3365B}.Debug|iPhone.Build.0 = Debug|Any CPU
		{2B9525B0-89E8-413C-9D22-69B45CA3365B}.Debug|iPhone.Deploy.0 = Debug|Any CPU
		{2B9525B0-89E8-413C-9D22-69B45CA3365B}.Debug|iPhoneSimulator.ActiveCfg = Debug|Any CPU
		{2B9525B0-89E8-413C-9D22-69B45CA3365B}.Debug|iPhoneSimulator.Build.0 = Debug|Any CPU
		{2B9525B0-89E8-413C-9D22-69B45CA3365B}.Debug|iPhoneSimulator.Deploy.0 = Debug|Any CPU
		{2B9525B0-89E8-413C-9D22-69B45CA3365B}.Release|Any CPU.ActiveCfg = Release|Any CPU
		{2B9525B0-89E8-413C-9D22-69B45CA3365B}.Release|Any CPU.Build.0 = Release|Any CPU
		{2B9525B0-89E8-413C-9D22-69B45CA3365B}.Release|Any CPU.Deploy.0 = Release|Any CPU
		{2B9525B0-89E8-413C-9D22-69B45CA3365B}.Release|iPhone.ActiveCfg = Release|Any CPU
		{2B9525B0-89E8-413C-9D22-69B45CA3365B}.Release|iPhone.Build.0 = Release|Any CPU
		{2B9525B0-89E8-413C-9D22-69B45CA3365B}.Release|iPhone.Deploy.0 = Release|Any CPU
		{2B9525B0-89E8-413C-9D22-69B45CA3365B}.Release|iPhoneSimulator.ActiveCfg = Release|Any CPU
		{2B9525B0-89E8-413C-9D22-69B45CA3365B}.Release|iPhoneSimulator.Build.0 = Release|Any CPU
		{2B9525B0-89E8-413C-9D22-69B45CA3365B}.Release|iPhoneSimulator.Deploy.0 = Release|Any CPU
	EndGlobalSection
	GlobalSection(SolutionProperties) = preSolution
		HideSolutionNode = FALSE
	EndGlobalSection
	GlobalSection(ExtensibilityGlobals) = postSolution
		SolutionGuid = {677E2FA8-B97A-44C3-BB44-43F313A1461C}
	EndGlobalSection
EndGlobal
